
Microsoft Visual Studio Solution File, Format Version 12.00
# Visual Studio 2012
Project("{FAE04EC0-301F-11D3-BF4B-00C04F79EFBC}") = "1.NumbersFrom1ToN", "NumbersFrom1ToN\1.NumbersFrom1ToN.csproj", "{E8E151D3-3FDD-444F-9407-AFFB72689E67}"
EndProject
Project("{FAE04EC0-301F-11D3-BF4B-00C04F79EFBC}") = "2NotDivisibleBy3And 7", "NotDivisibleBy3And 7\2NotDivisibleBy3And 7.csproj", "{1B94457C-D8DD-43F3-905C-CDE2AB3FDEDF}"
EndProject
Project("{FAE04EC0-301F-11D3-BF4B-00C04F79EFBC}") = "3.MinAndMaxOfNNumbers", "MinAndMaxOfNNumbers\3.MinAndMaxOfNNumbers.csproj", "{13062A77-D3CE-4EC4-98FF-54C3A968378B}"
EndProject
Project("{FAE04EC0-301F-11D3-BF4B-00C04F79EFBC}") = "6.NFactDevidedKFact", "NFactDevidedKFact\6.NFactDevidedKFact.csproj", "{453F2551-0632-4519-8EA9-FBFB55E5AD03}"
EndProject
Project("{FAE04EC0-301F-11D3-BF4B-00C04F79EFBC}") = "5.DeckOf52Cards", "DeckOf52Cards\5.DeckOf52Cards.csproj", "{462084EA-A3F2-4C5C-80E5-DFCFF63C7C50}"
EndProject
Project("{FAE04EC0-301F-11D3-BF4B-00C04F79EFBC}") = "4.CalculateFactorial", "CalculateFactorial\4.CalculateFactorial.csproj", "{635AD699-FD87-469A-AFC3-039D7950E884}"
EndProject
Global
	GlobalSection(SolutionConfigurationPlatforms) = preSolution
		Debug|Any CPU = Debug|Any CPU
		Release|Any CPU = Release|Any CPU
	EndGlobalSection
	GlobalSection(ProjectConfigurationPlatforms) = postSolution
		{E8E151D3-3FDD-444F-9407-AFFB72689E67}.Debug|Any CPU.ActiveCfg = Debug|Any CPU
		{E8E151D3-3FDD-444F-9407-AFFB72689E67}.Debug|Any CPU.Build.0 = Debug|Any CPU
		{E8E151D3-3FDD-444F-9407-AFFB72689E67}.Release|Any CPU.ActiveCfg = Release|Any CPU
		{E8E151D3-3FDD-444F-9407-AFFB72689E67}.Release|Any CPU.Build.0 = Release|Any CPU
		{1B94457C-D8DD-43F3-905C-CDE2AB3FDEDF}.Debug|Any CPU.ActiveCfg = Debug|Any CPU
		{1B94457C-D8DD-43F3-905C-CDE2AB3FDEDF}.Debug|Any CPU.Build.0 = Debug|Any CPU
		{1B94457C-D8DD-43F3-905C-CDE2AB3FDEDF}.Release|Any CPU.ActiveCfg = Release|Any CPU
		{1B94457C-D8DD-43F3-905C-CDE2AB3FDEDF}.Release|Any CPU.Build.0 = Release|Any CPU
		{13062A77-D3CE-4EC4-98FF-54C3A968378B}.Debug|Any CPU.ActiveCfg = Debug|Any CPU
		{13062A77-D3CE-4EC4-98FF-54C3A968378B}.Debug|Any CPU.Build.0 = Debug|Any CPU
		{13062A77-D3CE-4EC4-98FF-54C3A968378B}.Release|Any CPU.ActiveCfg = Release|Any CPU
		{13062A77-D3CE-4EC4-98FF-54C3A968378B}.Release|Any CPU.Build.0 = Release|Any CPU
		{453F2551-0632-4519-8EA9-FBFB55E5AD03}.Debug|Any CPU.ActiveCfg = Debug|Any CPU
		{453F2551-0632-4519-8EA9-FBFB55E5AD03}.Debug|Any CPU.Build.0 = Debug|Any CPU
		{453F2551-0632-4519-8EA9-FBFB55E5AD03}.Release|Any CPU.ActiveCfg = Release|Any CPU
		{453F2551-0632-4519-8EA9-FBFB55E5AD03}.Release|Any CPU.Build.0 = Release|Any CPU
		{462084EA-A3F2-4C5C-80E5-DFCFF63C7C50}.Debug|Any CPU.ActiveCfg = Debug|Any CPU
		{462084EA-A3F2-4C5C-80E5-DFCFF63C7C50}.Debug|Any CPU.Build.0 = Debug|Any CPU
		{462084EA-A3F2-4C5C-80E5-DFCFF63C7C50}.Release|Any CPU.ActiveCfg = Release|Any CPU
		{462084EA-A3F2-4C5C-80E5-DFCFF63C7C50}.Release|Any CPU.Build.0 = Release|Any CPU
		{635AD699-FD87-469A-AFC3-039D7950E884}.Debug|Any CPU.ActiveCfg = Debug|Any CPU
		{635AD699-FD87-469A-AFC3-039D7950E884}.Debug|Any CPU.Build.0 = Debug|Any CPU
		{635AD699-FD87-469A-AFC3-039D7950E884}.Release|Any CPU.ActiveCfg = Release|Any CPU
		{635AD699-FD87-469A-AFC3-039D7950E884}.Release|Any CPU.Build.0 = Release|Any CPU
	EndGlobalSection
	GlobalSection(SolutionProperties) = preSolution
		HideSolutionNode = FALSE
	EndGlobalSection
EndGlobal
